
Microsoft Visual Studio Solution File, Format Version 12.00
# Visual Studio 14
VisualStudioVersion = 14.0.23107.0
MinimumVisualStudioVersion = 10.0.40219.1
Project("{FAE04EC0-301F-11D3-BF4B-00C04F79EFBC}") = "DevKit.UI", "DevKit.UI\DevKit.UI.csproj", "{7475D05E-2A84-4C05-9E22-04505B1360D6}"
EndProject
Project("{FAE04EC0-301F-11D3-BF4B-00C04F79EFBC}") = "DevKit.Data", "DevKit.Data\DevKit.Data.csproj", "{AFA79197-042A-45BA-BC72-3D6504201E82}"
EndProject
Project("{FAE04EC0-301F-11D3-BF4B-00C04F79EFBC}") = "DevKit.Model", "DevKit.Model\DevKit.Model.csproj", "{3E58B210-7088-4376-85F7-67E65FE00BF5}"
EndProject
Project("{FAE04EC0-301F-11D3-BF4B-00C04F79EFBC}") = "DevKit.Entity", "DevKit.Entity\DevKit.Entity.csproj", "{8C55FC31-C1CB-4D04-BDDA-2644D8BC5D9A}"
EndProject
Project("{FAE04EC0-301F-11D3-BF4B-00C04F79EFBC}") = "DevKit.Business", "DevKit.Business\DevKit.Business.csproj", "{F2946D30-B040-4DCA-8D9F-FEE90324E055}"
EndProject
Project("{FAE04EC0-301F-11D3-BF4B-00C04F79EFBC}") = "DevKit.Common", "DevKit.Common\DevKit.Common.csproj", "{EF7D77E7-5059-458A-9078-326737A4ACD0}"
EndProject
Global
	GlobalSection(SolutionConfigurationPlatforms) = preSolution
		Debug|Any CPU = Debug|Any CPU
		Release|Any CPU = Release|Any CPU
	EndGlobalSection
	GlobalSection(ProjectConfigurationPlatforms) = postSolution
		{7475D05E-2A84-4C05-9E22-04505B1360D6}.Debug|Any CPU.ActiveCfg = Debug|Any CPU
		{7475D05E-2A84-4C05-9E22-04505B1360D6}.Debug|Any CPU.Build.0 = Debug|Any CPU
		{7475D05E-2A84-4C05-9E22-04505B1360D6}.Release|Any CPU.ActiveCfg = Release|Any CPU
		{7475D05E-2A84-4C05-9E22-04505B1360D6}.Release|Any CPU.Build.0 = Release|Any CPU
		{AFA79197-042A-45BA-BC72-3D6504201E82}.Debug|Any CPU.ActiveCfg = Debug|Any CPU
		{AFA79197-042A-45BA-BC72-3D6504201E82}.Debug|Any CPU.Build.0 = Debug|Any CPU
		{AFA79197-042A-45BA-BC72-3D6504201E82}.Release|Any CPU.ActiveCfg = Release|Any CPU
		{AFA79197-042A-45BA-BC72-3D6504201E82}.Release|Any CPU.Build.0 = Release|Any CPU
		{3E58B210-7088-4376-85F7-67E65FE00BF5}.Debug|Any CPU.ActiveCfg = Debug|Any CPU
		{3E58B210-7088-4376-85F7-67E65FE00BF5}.Debug|Any CPU.Build.0 = Debug|Any CPU
		{3E58B210-7088-4376-85F7-67E65FE00BF5}.Release|Any CPU.ActiveCfg = Release|Any CPU
		{3E58B210-7088-4376-85F7-67E65FE00BF5}.Release|Any CPU.Build.0 = Release|Any CPU
		{8C55FC31-C1CB-4D04-BDDA-2644D8BC5D9A}.Debug|Any CPU.ActiveCfg = Debug|Any CPU
		{8C55FC31-C1CB-4D04-BDDA-2644D8BC5D9A}.Debug|Any CPU.Build.0 = Debug|Any CPU
		{8C55FC31-C1CB-4D04-BDDA-2644D8BC5D9A}.Release|Any CPU.ActiveCfg = Release|Any CPU
		{8C55FC31-C1CB-4D04-BDDA-2644D8BC5D9A}.Release|Any CPU.Build.0 = Release|Any CPU
		{F2946D30-B040-4DCA-8D9F-FEE90324E055}.Debug|Any CPU.ActiveCfg = Debug|Any CPU
		{F2946D30-B040-4DCA-8D9F-FEE90324E055}.Debug|Any CPU.Build.0 = Debug|Any CPU
		{F2946D30-B040-4DCA-8D9F-FEE90324E055}.Release|Any CPU.ActiveCfg = Release|Any CPU
		{F2946D30-B040-4DCA-8D9F-FEE90324E055}.Release|Any CPU.Build.0 = Release|Any CPU
		{EF7D77E7-5059-458A-9078-326737A4ACD0}.Debug|Any CPU.ActiveCfg = Debug|Any CPU
		{EF7D77E7-5059-458A-9078-326737A4ACD0}.Debug|Any CPU.Build.0 = Debug|Any CPU
		{EF7D77E7-5059-458A-9078-326737A4ACD0}.Release|Any CPU.ActiveCfg = Release|Any CPU
		{EF7D77E7-5059-458A-9078-326737A4ACD0}.Release|Any CPU.Build.0 = Release|Any CPU
	EndGlobalSection
	GlobalSection(SolutionProperties) = preSolution
		HideSolutionNode = FALSE
	EndGlobalSection
EndGlobal
